
Microsoft Visual Studio Solution File, Format Version 12.00
# Visual Studio Version 17
VisualStudioVersion = 17.6.33723.286
MinimumVisualStudioVersion = 10.0.40219.1
Project("{FAE04EC0-301F-11D3-BF4B-00C04F79EFBC}") = "InfoTrack-CounterAPI", "InfoTrack-CounterAPI\InfoTrack-CounterAPI.csproj", "{62FBAC23-D44A-4455-81FD-9C7D60AE45DA}"
EndProject
Global
	GlobalSection(SolutionConfigurationPlatforms) = preSolution
		Debug|Any CPU = Debug|Any CPU
		Release|Any CPU = Release|Any CPU
	EndGlobalSection
	GlobalSection(ProjectConfigurationPlatforms) = postSolution
		{62FBAC23-D44A-4455-81FD-9C7D60AE45DA}.Debug|Any CPU.ActiveCfg = Debug|Any CPU
		{62FBAC23-D44A-4455-81FD-9C7D60AE45DA}.Debug|Any CPU.Build.0 = Debug|Any CPU
		{62FBAC23-D44A-4455-81FD-9C7D60AE45DA}.Release|Any CPU.ActiveCfg = Release|Any CPU
		{62FBAC23-D44A-4455-81FD-9C7D60AE45DA}.Release|Any CPU.Build.0 = Release|Any CPU
	EndGlobalSection
	GlobalSection(SolutionProperties) = preSolution
		HideSolutionNode = FALSE
	EndGlobalSection
	GlobalSection(ExtensibilityGlobals) = postSolution
		SolutionGuid = {52559C34-FDA1-4A71-8941-B55250C7730B}
	EndGlobalSection
EndGlobal
